
Microsoft Visual Studio Solution File, Format Version 12.00
# Visual Studio Version 17
VisualStudioVersion = 17.1.32210.238
MinimumVisualStudioVersion = 10.0.40219.1
Project("{FAE04EC0-301F-11D3-BF4B-00C04F79EFBC}") = "Get Stuff Done", "Get Stuff Done\Get Stuff Done.csproj", "{EA306795-C18B-43DA-BE33-461C7DF9A7EA}"
EndProject
Project("{2150E333-8FDC-42A3-9474-1A3956D46DE8}") = "Solution Items", "Solution Items", "{82A1DF13-89F0-4F10-BD3E-B361701F9CB7}"
	ProjectSection(SolutionItems) = preProject
		.editorconfig = .editorconfig
	EndProjectSection
EndProject
Global
	GlobalSection(SolutionConfigurationPlatforms) = preSolution
		Debug|Any CPU = Debug|Any CPU
		Release|Any CPU = Release|Any CPU
	EndGlobalSection
	GlobalSection(ProjectConfigurationPlatforms) = postSolution
		{EA306795-C18B-43DA-BE33-461C7DF9A7EA}.Debug|Any CPU.ActiveCfg = Debug|Any CPU
		{EA306795-C18B-43DA-BE33-461C7DF9A7EA}.Debug|Any CPU.Build.0 = Debug|Any CPU
		{EA306795-C18B-43DA-BE33-461C7DF9A7EA}.Release|Any CPU.ActiveCfg = Release|Any CPU
		{EA306795-C18B-43DA-BE33-461C7DF9A7EA}.Release|Any CPU.Build.0 = Release|Any CPU
	EndGlobalSection
	GlobalSection(SolutionProperties) = preSolution
		HideSolutionNode = FALSE
	EndGlobalSection
	GlobalSection(ExtensibilityGlobals) = postSolution
		SolutionGuid = {2C918879-7857-4688-A7DE-7C3805E20415}
	EndGlobalSection
EndGlobal
